
Microsoft Visual Studio Solution File, Format Version 12.00
# Visual Studio 14
VisualStudioVersion = 14.0.25420.1
MinimumVisualStudioVersion = 10.0.40219.1
Project("{FAE04EC0-301F-11D3-BF4B-00C04F79EFBC}") = "SCADA.Common", "SaveProtocol\SCADA.Common.csproj", "{C91C346D-4DDD-44BB-A494-8CE7839ED340}"
EndProject
Project("{FAE04EC0-301F-11D3-BF4B-00C04F79EFBC}") = "SCADA.Graphics", "SCADA.Graphics\SCADA.Graphics.csproj", "{8EFD64BF-0775-4961-ADA4-982FC4FE6BF5}"
EndProject
Global
	GlobalSection(SolutionConfigurationPlatforms) = preSolution
		Debug|Any CPU = Debug|Any CPU
		Release|Any CPU = Release|Any CPU
	EndGlobalSection
	GlobalSection(ProjectConfigurationPlatforms) = postSolution
		{C91C346D-4DDD-44BB-A494-8CE7839ED340}.Debug|Any CPU.ActiveCfg = Debug|Any CPU
		{C91C346D-4DDD-44BB-A494-8CE7839ED340}.Debug|Any CPU.Build.0 = Debug|Any CPU
		{C91C346D-4DDD-44BB-A494-8CE7839ED340}.Release|Any CPU.ActiveCfg = Release|Any CPU
		{C91C346D-4DDD-44BB-A494-8CE7839ED340}.Release|Any CPU.Build.0 = Release|Any CPU
		{8EFD64BF-0775-4961-ADA4-982FC4FE6BF5}.Debug|Any CPU.ActiveCfg = Debug|Any CPU
		{8EFD64BF-0775-4961-ADA4-982FC4FE6BF5}.Debug|Any CPU.Build.0 = Debug|Any CPU
		{8EFD64BF-0775-4961-ADA4-982FC4FE6BF5}.Release|Any CPU.ActiveCfg = Release|Any CPU
		{8EFD64BF-0775-4961-ADA4-982FC4FE6BF5}.Release|Any CPU.Build.0 = Release|Any CPU
	EndGlobalSection
	GlobalSection(SolutionProperties) = preSolution
		HideSolutionNode = FALSE
	EndGlobalSection
EndGlobal
